
Microsoft Visual Studio Solution File, Format Version 12.00
# Visual Studio Version 16
VisualStudioVersion = 16.0.31624.102
MinimumVisualStudioVersion = 10.0.40219.1
Project("{FAE04EC0-301F-11D3-BF4B-00C04F79EFBC}") = "TaxiPark", "TaxiPark\TaxiPark.csproj", "{BDBF0403-A896-45FF-8004-2E7E3984657C}"
EndProject
Global
	GlobalSection(SolutionConfigurationPlatforms) = preSolution
		Debug|Any CPU = Debug|Any CPU
		Release|Any CPU = Release|Any CPU
	EndGlobalSection
	GlobalSection(ProjectConfigurationPlatforms) = postSolution
		{BDBF0403-A896-45FF-8004-2E7E3984657C}.Debug|Any CPU.ActiveCfg = Debug|Any CPU
		{BDBF0403-A896-45FF-8004-2E7E3984657C}.Debug|Any CPU.Build.0 = Debug|Any CPU
		{BDBF0403-A896-45FF-8004-2E7E3984657C}.Release|Any CPU.ActiveCfg = Release|Any CPU
		{BDBF0403-A896-45FF-8004-2E7E3984657C}.Release|Any CPU.Build.0 = Release|Any CPU
	EndGlobalSection
	GlobalSection(SolutionProperties) = preSolution
		HideSolutionNode = FALSE
	EndGlobalSection
	GlobalSection(ExtensibilityGlobals) = postSolution
		SolutionGuid = {0D7B06E1-70CC-4949-B771-AF504A2194FF}
	EndGlobalSection
EndGlobal
